
Microsoft Visual Studio Solution File, Format Version 12.00
# Visual Studio 14
VisualStudioVersion = 14.0.24720.0
MinimumVisualStudioVersion = 10.0.40219.1
Project("{2150E333-8FDC-42A3-9474-1A3956D46DE8}") = "src", "src", "{45FC8670-78E4-457F-9B2A-26904EE58B97}"
EndProject
Project("{2150E333-8FDC-42A3-9474-1A3956D46DE8}") = "Solution Items", "Solution Items", "{2C78B806-FEE2-47AA-B2ED-1715B404C3C5}"
	ProjectSection(SolutionItems) = preProject
		global.json = global.json
	EndProjectSection
EndProject
Project("{8BB2217D-0F2D-49D1-97BC-3654ED321F3B}") = "PeopleReference.API", "src\PeopleReference.API\PeopleReference.API.xproj", "{8608450A-378F-4B0A-B94A-9E4139E50919}"
EndProject
Project("{8BB2217D-0F2D-49D1-97BC-3654ED321F3B}") = "AngularClient", "src\AngularClient\AngularClient.xproj", "{13C18C85-9886-41C2-A429-80514BFE646A}"
EndProject
Global
	GlobalSection(SolutionConfigurationPlatforms) = preSolution
		Debug|Any CPU = Debug|Any CPU
		Release|Any CPU = Release|Any CPU
	EndGlobalSection
	GlobalSection(ProjectConfigurationPlatforms) = postSolution
		{8608450A-378F-4B0A-B94A-9E4139E50919}.Debug|Any CPU.ActiveCfg = Debug|Any CPU
		{8608450A-378F-4B0A-B94A-9E4139E50919}.Debug|Any CPU.Build.0 = Debug|Any CPU
		{8608450A-378F-4B0A-B94A-9E4139E50919}.Release|Any CPU.ActiveCfg = Release|Any CPU
		{8608450A-378F-4B0A-B94A-9E4139E50919}.Release|Any CPU.Build.0 = Release|Any CPU
		{13C18C85-9886-41C2-A429-80514BFE646A}.Debug|Any CPU.ActiveCfg = Debug|Any CPU
		{13C18C85-9886-41C2-A429-80514BFE646A}.Debug|Any CPU.Build.0 = Debug|Any CPU
		{13C18C85-9886-41C2-A429-80514BFE646A}.Release|Any CPU.ActiveCfg = Release|Any CPU
		{13C18C85-9886-41C2-A429-80514BFE646A}.Release|Any CPU.Build.0 = Release|Any CPU
	EndGlobalSection
	GlobalSection(SolutionProperties) = preSolution
		HideSolutionNode = FALSE
	EndGlobalSection
	GlobalSection(NestedProjects) = preSolution
		{8608450A-378F-4B0A-B94A-9E4139E50919} = {45FC8670-78E4-457F-9B2A-26904EE58B97}
		{13C18C85-9886-41C2-A429-80514BFE646A} = {45FC8670-78E4-457F-9B2A-26904EE58B97}
	EndGlobalSection
EndGlobal
